// !$*UTF8*$!
{
	archiveVersion = 1;
	classes = {
	};
	objectVersion = 56;
	objects = {

/* Begin PBXBuildFile section */
		7E57191C2A95E2E9003EC5B6 /* InfoSheetView.swift in Sources */ = {isa = PBXBuildFile; fileRef = 7E57191B2A95E2E9003EC5B6 /* InfoSheetView.swift */; };
		7E7B91DB2A946E7300BE84A3 /* Score.swift in Sources */ = {isa = PBXBuildFile; fileRef = 7E7B91DA2A946E7300BE84A3 /* Score.swift */; };
		7E95BFBD2A944A1F00ABE72C /* HistoricalPlot.swift in Sources */ = {isa = PBXBuildFile; fileRef = 7E95BFBC2A944A1F00ABE72C /* HistoricalPlot.swift */; };
		7ED0C11C2A93E412007F681E /* Symptoms.swift in Sources */ = {isa = PBXBuildFile; fileRef = 7ED0C11B2A93E412007F681E /* Symptoms.swift */; };
		7EE2837A2A93E2E8003E7614 /* BurnsChecklistApp.swift in Sources */ = {isa = PBXBuildFile; fileRef = 7EE283792A93E2E8003E7614 /* BurnsChecklistApp.swift */; };
		7EE2837C2A93E2E8003E7614 /* BurnsChecklistView.swift in Sources */ = {isa = PBXBuildFile; fileRef = 7EE2837B2A93E2E8003E7614 /* BurnsChecklistView.swift */; };
		7EE2837E2A93E2EB003E7614 /* Assets.xcassets in Resources */ = {isa = PBXBuildFile; fileRef = 7EE2837D2A93E2EB003E7614 /* Assets.xcassets */; };
		7EE283822A93E2EB003E7614 /* Preview Assets.xcassets in Resources */ = {isa = PBXBuildFile; fileRef = 7EE283812A93E2EB003E7614 /* Preview Assets.xcassets */; };
		7EE2838C2A93E2EB003E7614 /* BurnsChecklistTests.swift in Sources */ = {isa = PBXBuildFile; fileRef = 7EE2838B2A93E2EB003E7614 /* BurnsChecklistTests.swift */; };
		7EE283962A93E2EB003E7614 /* BurnsChecklistUITests.swift in Sources */ = {isa = PBXBuildFile; fileRef = 7EE283952A93E2EB003E7614 /* BurnsChecklistUITests.swift */; };
		7EE283982A93E2EB003E7614 /* BurnsChecklistUITestsLaunchTests.swift in Sources */ = {isa = PBXBuildFile; fileRef = 7EE283972A93E2EB003E7614 /* BurnsChecklistUITestsLaunchTests.swift */; };
/* End PBXBuildFile section */

/* Begin PBXContainerItemProxy section */
		7EE283882A93E2EB003E7614 /* PBXContainerItemProxy */ = {
			isa = PBXContainerItemProxy;
			containerPortal = 7EE2836E2A93E2E8003E7614 /* Project object */;
			proxyType = 1;
			remoteGlobalIDString = 7EE283752A93E2E8003E7614;
			remoteInfo = BurnsChecklist;
		};
		7EE283922A93E2EB003E7614 /* PBXContainerItemProxy */ = {
			isa = PBXContainerItemProxy;
			containerPortal = 7EE2836E2A93E2E8003E7614 /* Project object */;
			proxyType = 1;
			remoteGlobalIDString = 7EE283752A93E2E8003E7614;
			remoteInfo = BurnsChecklist;
		};
/* End PBXContainerItemProxy section */

/* Begin PBXFileReference section */
		7E57191B2A95E2E9003EC5B6 /* InfoSheetView.swift */ = {isa = PBXFileReference; lastKnownFileType = sourcecode.swift; path = InfoSheetView.swift; sourceTree = "<group>"; };
		7E7B91DA2A946E7300BE84A3 /* Score.swift */ = {isa = PBXFileReference; fileEncoding = 4; lastKnownFileType = sourcecode.swift; path = Score.swift; sourceTree = "<group>"; };
		7E95BFBC2A944A1F00ABE72C /* HistoricalPlot.swift */ = {isa = PBXFileReference; fileEncoding = 4; lastKnownFileType = sourcecode.swift; path = HistoricalPlot.swift; sourceTree = "<group>"; };
		7ED0C11B2A93E412007F681E /* Symptoms.swift */ = {isa = PBXFileReference; fileEncoding = 4; lastKnownFileType = sourcecode.swift; path = Symptoms.swift; sourceTree = "<group>"; };
		7EE283762A93E2E8003E7614 /* BurnsChecklist.app */ = {isa = PBXFileReference; explicitFileType = wrapper.application; includeInIndex = 0; path = BurnsChecklist.app; sourceTree = BUILT_PRODUCTS_DIR; };
		7EE283792A93E2E8003E7614 /* BurnsChecklistApp.swift */ = {isa = PBXFileReference; lastKnownFileType = sourcecode.swift; path = BurnsChecklistApp.swift; sourceTree = "<group>"; };
		7EE2837B2A93E2E8003E7614 /* BurnsChecklistView.swift */ = {isa = PBXFileReference; lastKnownFileType = sourcecode.swift; path = BurnsChecklistView.swift; sourceTree = "<group>"; };
		7EE2837D2A93E2EB003E7614 /* Assets.xcassets */ = {isa = PBXFileReference; lastKnownFileType = folder.assetcatalog; path = Assets.xcassets; sourceTree = "<group>"; };
		7EE2837F2A93E2EB003E7614 /* BurnsChecklist.entitlements */ = {isa = PBXFileReference; lastKnownFileType = text.plist.entitlements; path = BurnsChecklist.entitlements; sourceTree = "<group>"; };
		7EE283812A93E2EB003E7614 /* Preview Assets.xcassets */ = {isa = PBXFileReference; lastKnownFileType = folder.assetcatalog; path = "Preview Assets.xcassets"; sourceTree = "<group>"; };
		7EE283872A93E2EB003E7614 /* BurnsChecklistTests.xctest */ = {isa = PBXFileReference; explicitFileType = wrapper.cfbundle; includeInIndex = 0; path = BurnsChecklistTests.xctest; sourceTree = BUILT_PRODUCTS_DIR; };
		7EE2838B2A93E2EB003E7614 /* BurnsChecklistTests.swift */ = {isa = PBXFileReference; lastKnownFileType = sourcecode.swift; path = BurnsChecklistTests.swift; sourceTree = "<group>"; };
		7EE283912A93E2EB003E7614 /* BurnsChecklistUITests.xctest */ = {isa = PBXFileReference; explicitFileType = wrapper.cfbundle; includeInIndex = 0; path = BurnsChecklistUITests.xctest; sourceTree = BUILT_PRODUCTS_DIR; };
		7EE283952A93E2EB003E7614 /* BurnsChecklistUITests.swift */ = {isa = PBXFileReference; lastKnownFileType = sourcecode.swift; path = BurnsChecklistUITests.swift; sourceTree = "<group>"; };
		7EE283972A93E2EB003E7614 /* BurnsChecklistUITestsLaunchTests.swift */ = {isa = PBXFileReference; lastKnownFileType = sourcecode.swift; path = BurnsChecklistUITestsLaunchTests.swift; sourceTree = "<group>"; };
/* End PBXFileReference section */

/* Begin PBXFrameworksBuildPhase section */
		7EE283732A93E2E8003E7614 /* Frameworks */ = {
			isa = PBXFrameworksBuildPhase;
			buildActionMask = 2147483647;
			files = (
			);
			runOnlyForDeploymentPostprocessing = 0;
		};
		7EE283842A93E2EB003E7614 /* Frameworks */ = {
			isa = PBXFrameworksBuildPhase;
			buildActionMask = 2147483647;
			files = (
			);
			runOnlyForDeploymentPostprocessing = 0;
		};
		7EE2838E2A93E2EB003E7614 /* Frameworks */ = {
			isa = PBXFrameworksBuildPhase;
			buildActionMask = 2147483647;
			files = (
			);
			runOnlyForDeploymentPostprocessing = 0;
		};
/* End PBXFrameworksBuildPhase section */

/* Begin PBXGroup section */
		7EE2836D2A93E2E8003E7614 = {
			isa = PBXGroup;
			children = (
				7EE283782A93E2E8003E7614 /* BurnsChecklist */,
				7EE2838A2A93E2EB003E7614 /* BurnsChecklistTests */,
				7EE283942A93E2EB003E7614 /* BurnsChecklistUITests */,
				7EE283772A93E2E8003E7614 /* Products */,
			);
			sourceTree = "<group>";
		};
		7EE283772A93E2E8003E7614 /* Products */ = {
			isa = PBXGroup;
			children = (
				7EE283762A93E2E8003E7614 /* BurnsChecklist.app */,
				7EE283872A93E2EB003E7614 /* BurnsChecklistTests.xctest */,
				7EE283912A93E2EB003E7614 /* BurnsChecklistUITests.xctest */,
			);
			name = Products;
			sourceTree = "<group>";
		};
		7EE283782A93E2E8003E7614 /* BurnsChecklist */ = {
			isa = PBXGroup;
			children = (
				7EE283792A93E2E8003E7614 /* BurnsChecklistApp.swift */,
				7EE2837B2A93E2E8003E7614 /* BurnsChecklistView.swift */,
				7E95BFBC2A944A1F00ABE72C /* HistoricalPlot.swift */,
				7E57191B2A95E2E9003EC5B6 /* InfoSheetView.swift */,
				7E7B91DA2A946E7300BE84A3 /* Score.swift */,
				7ED0C11B2A93E412007F681E /* Symptoms.swift */,
				7EE2837D2A93E2EB003E7614 /* Assets.xcassets */,
				7EE2837F2A93E2EB003E7614 /* BurnsChecklist.entitlements */,
				7EE283802A93E2EB003E7614 /* Preview Content */,
			);
			path = BurnsChecklist;
			sourceTree = "<group>";
		};
		7EE283802A93E2EB003E7614 /* Preview Content */ = {
			isa = PBXGroup;
			children = (
				7EE283812A93E2EB003E7614 /* Preview Assets.xcassets */,
			);
			path = "Preview Content";
			sourceTree = "<group>";
		};
		7EE2838A2A93E2EB003E7614 /* BurnsChecklistTests */ = {
			isa = PBXGroup;
			children = (
				7EE2838B2A93E2EB003E7614 /* BurnsChecklistTests.swift */,
			);
			path = BurnsChecklistTests;
			sourceTree = "<group>";
		};
		7EE283942A93E2EB003E7614 /* BurnsChecklistUITests */ = {
			isa = PBXGroup;
			children = (
				7EE283952A93E2EB003E7614 /* BurnsChecklistUITests.swift */,
				7EE283972A93E2EB003E7614 /* BurnsChecklistUITestsLaunchTests.swift */,
			);
			path = BurnsChecklistUITests;
			sourceTree = "<group>";
		};
/* End PBXGroup section */

/* Begin PBXNativeTarget section */
		7EE283752A93E2E8003E7614 /* BurnsChecklist */ = {
			isa = PBXNativeTarget;
			buildConfigurationList = 7EE2839B2A93E2EB003E7614 /* Build configuration list for PBXNativeTarget "BurnsChecklist" */;
			buildPhases = (
				7EE283722A93E2E8003E7614 /* Sources */,
				7EE283732A93E2E8003E7614 /* Frameworks */,
				7EE283742A93E2E8003E7614 /* Resources */,
			);
			buildRules = (
			);
			dependencies = (
			);
			name = BurnsChecklist;
			productName = BurnsChecklist;
			productReference = 7EE283762A93E2E8003E7614 /* BurnsChecklist.app */;
			productType = "com.apple.product-type.application";
		};
		7EE283862A93E2EB003E7614 /* BurnsChecklistTests */ = {
			isa = PBXNativeTarget;
			buildConfigurationList = 7EE2839E2A93E2EB003E7614 /* Build configuration list for PBXNativeTarget "BurnsChecklistTests" */;
			buildPhases = (
				7EE283832A93E2EB003E7614 /* Sources */,
				7EE283842A93E2EB003E7614 /* Frameworks */,
				7EE283852A93E2EB003E7614 /* Resources */,
			);
			buildRules = (
			);
			dependencies = (
				7EE283892A93E2EB003E7614 /* PBXTargetDependency */,
			);
			name = BurnsChecklistTests;
			productName = BurnsChecklistTests;
			productReference = 7EE283872A93E2EB003E7614 /* BurnsChecklistTests.xctest */;
			productType = "com.apple.product-type.bundle.unit-test";
		};
		7EE283902A93E2EB003E7614 /* BurnsChecklistUITests */ = {
			isa = PBXNativeTarget;
			buildConfigurationList = 7EE283A12A93E2EB003E7614 /* Build configuration list for PBXNativeTarget "BurnsChecklistUITests" */;
			buildPhases = (
				7EE2838D2A93E2EB003E7614 /* Sources */,
				7EE2838E2A93E2EB003E7614 /* Frameworks */,
				7EE2838F2A93E2EB003E7614 /* Resources */,
			);
			buildRules = (
			);
			dependencies = (
				7EE283932A93E2EB003E7614 /* PBXTargetDependency */,
			);
			name = BurnsChecklistUITests;
			productName = BurnsChecklistUITests;
			productReference = 7EE283912A93E2EB003E7614 /* BurnsChecklistUITests.xctest */;
			productType = "com.apple.product-type.bundle.ui-testing";
		};
/* End PBXNativeTarget section */

/* Begin PBXProject section */
		7EE2836E2A93E2E8003E7614 /* Project object */ = {
			isa = PBXProject;
			attributes = {
				BuildIndependentTargetsInParallel = 1;
				LastSwiftUpdateCheck = 1500;
				LastUpgradeCheck = 1500;
				TargetAttributes = {
					7EE283752A93E2E8003E7614 = {
						CreatedOnToolsVersion = 15.0;
					};
					7EE283862A93E2EB003E7614 = {
						CreatedOnToolsVersion = 15.0;
						TestTargetID = 7EE283752A93E2E8003E7614;
					};
					7EE283902A93E2EB003E7614 = {
						CreatedOnToolsVersion = 15.0;
						TestTargetID = 7EE283752A93E2E8003E7614;
					};
				};
			};
			buildConfigurationList = 7EE283712A93E2E8003E7614 /* Build configuration list for PBXProject "BurnsChecklist" */;
			compatibilityVersion = "Xcode 14.0";
			developmentRegion = en;
			hasScannedForEncodings = 0;
			knownRegions = (
				en,
				Base,
			);
			mainGroup = 7EE2836D2A93E2E8003E7614;
			productRefGroup = 7EE283772A93E2E8003E7614 /* Products */;
			projectDirPath = "";
			projectRoot = "";
			targets = (
				7EE283752A93E2E8003E7614 /* BurnsChecklist */,
				7EE283862A93E2EB003E7614 /* BurnsChecklistTests */,
				7EE283902A93E2EB003E7614 /* BurnsChecklistUITests */,
			);
		};
/* End PBXProject section */

/* Begin PBXResourcesBuildPhase section */
		7EE283742A93E2E8003E7614 /* Resources */ = {
			isa = PBXResourcesBuildPhase;
			buildActionMask = 2147483647;
			files = (
				7EE283822A93E2EB003E7614 /* Preview Assets.xcassets in Resources */,
				7EE2837E2A93E2EB003E7614 /* Assets.xcassets in Resources */,
			);
			runOnlyForDeploymentPostprocessing = 0;
		};
		7EE283852A93E2EB003E7614 /* Resources */ = {
			isa = PBXResourcesBuildPhase;
			buildActionMask = 2147483647;
			files = (
			);
			runOnlyForDeploymentPostprocessing = 0;
		};
		7EE2838F2A93E2EB003E7614 /* Resources */ = {
			isa = PBXResourcesBuildPhase;
			buildActionMask = 2147483647;
			files = (
			);
			runOnlyForDeploymentPostprocessing = 0;
		};
/* End PBXResourcesBuildPhase section */

/* Begin PBXSourcesBuildPhase section */
		7EE283722A93E2E8003E7614 /* Sources */ = {
			isa = PBXSourcesBuildPhase;
			buildActionMask = 2147483647;
			files = (
				7E95BFBD2A944A1F00ABE72C /* HistoricalPlot.swift in Sources */,
				7ED0C11C2A93E412007F681E /* Symptoms.swift in Sources */,
				7EE2837C2A93E2E8003E7614 /* BurnsChecklistView.swift in Sources */,
				7EE2837A2A93E2E8003E7614 /* BurnsChecklistApp.swift in Sources */,
				7E57191C2A95E2E9003EC5B6 /* InfoSheetView.swift in Sources */,
				7E7B91DB2A946E7300BE84A3 /* Score.swift in Sources */,
			);
			runOnlyForDeploymentPostprocessing = 0;
		};
		7EE283832A93E2EB003E7614 /* Sources */ = {
			isa = PBXSourcesBuildPhase;
			buildActionMask = 2147483647;
			files = (
				7EE2838C2A93E2EB003E7614 /* BurnsChecklistTests.swift in Sources */,
			);
			runOnlyForDeploymentPostprocessing = 0;
		};
		7EE2838D2A93E2EB003E7614 /* Sources */ = {
			isa = PBXSourcesBuildPhase;
			buildActionMask = 2147483647;
			files = (
				7EE283982A93E2EB003E7614 /* BurnsChecklistUITestsLaunchTests.swift in Sources */,
				7EE283962A93E2EB003E7614 /* BurnsChecklistUITests.swift in Sources */,
			);
			runOnlyForDeploymentPostprocessing = 0;
		};
/* End PBXSourcesBuildPhase section */

/* Begin PBXTargetDependency section */
		7EE283892A93E2EB003E7614 /* PBXTargetDependency */ = {
			isa = PBXTargetDependency;
			target = 7EE283752A93E2E8003E7614 /* BurnsChecklist */;
			targetProxy = 7EE283882A93E2EB003E7614 /* PBXContainerItemProxy */;
		};
		7EE283932A93E2EB003E7614 /* PBXTargetDependency */ = {
			isa = PBXTargetDependency;
			target = 7EE283752A93E2E8003E7614 /* BurnsChecklist */;
			targetProxy = 7EE283922A93E2EB003E7614 /* PBXContainerItemProxy */;
		};
/* End PBXTargetDependency section */

/* Begin XCBuildConfiguration section */
		7EE283992A93E2EB003E7614 /* Debug */ = {
			isa = XCBuildConfiguration;
			buildSettings = {
				ALWAYS_SEARCH_USER_PATHS = NO;
				ASSETCATALOG_COMPILER_GENERATE_SWIFT_ASSET_SYMBOL_EXTENSIONS = YES;
				CLANG_ANALYZER_NONNULL = YES;
				CLANG_ANALYZER_NUMBER_OBJECT_CONVERSION = YES_AGGRESSIVE;
				CLANG_CXX_LANGUAGE_STANDARD = "gnu++20";
				CLANG_ENABLE_MODULES = YES;
				CLANG_ENABLE_OBJC_ARC = YES;
				CLANG_ENABLE_OBJC_WEAK = YES;
				CLANG_WARN_BLOCK_CAPTURE_AUTORELEASING = YES;
				CLANG_WARN_BOOL_CONVERSION = YES;
				CLANG_WARN_COMMA = YES;
				CLANG_WARN_CONSTANT_CONVERSION = YES;
				CLANG_WARN_DEPRECATED_OBJC_IMPLEMENTATIONS = YES;
				CLANG_WARN_DIRECT_OBJC_ISA_USAGE = YES_ERROR;
				CLANG_WARN_DOCUMENTATION_COMMENTS = YES;
				CLANG_WARN_EMPTY_BODY = YES;
				CLANG_WARN_ENUM_CONVERSION = YES;
				CLANG_WARN_INFINITE_RECURSION = YES;
				CLANG_WARN_INT_CONVERSION = YES;
				CLANG_WARN_NON_LITERAL_NULL_CONVERSION = YES;
				CLANG_WARN_OBJC_IMPLICIT_RETAIN_SELF = YES;
				CLANG_WARN_OBJC_LITERAL_CONVERSION = YES;
				CLANG_WARN_OBJC_ROOT_CLASS = YES_ERROR;
				CLANG_WARN_QUOTED_INCLUDE_IN_FRAMEWORK_HEADER = YES;
				CLANG_WARN_RANGE_LOOP_ANALYSIS = YES;
				CLANG_WARN_STRICT_PROTOTYPES = YES;
				CLANG_WARN_SUSPICIOUS_MOVE = YES;
				CLANG_WARN_UNGUARDED_AVAILABILITY = YES_AGGRESSIVE;
				CLANG_WARN_UNREACHABLE_CODE = YES;
				CLANG_WARN__DUPLICATE_METHOD_MATCH = YES;
				COPY_PHASE_STRIP = NO;
				DEBUG_INFORMATION_FORMAT = dwarf;
				ENABLE_STRICT_OBJC_MSGSEND = YES;
				ENABLE_TESTABILITY = YES;
				ENABLE_USER_SCRIPT_SANDBOXING = YES;
				GCC_C_LANGUAGE_STANDARD = gnu17;
				GCC_DYNAMIC_NO_PIC = NO;
				GCC_NO_COMMON_BLOCKS = YES;
				GCC_OPTIMIZATION_LEVEL = 0;
				GCC_PREPROCESSOR_DEFINITIONS = (
					"DEBUG=1",
					"$(inherited)",
				);
				GCC_WARN_64_TO_32_BIT_CONVERSION = YES;
				GCC_WARN_ABOUT_RETURN_TYPE = YES_ERROR;
				GCC_WARN_UNDECLARED_SELECTOR = YES;
				GCC_WARN_UNINITIALIZED_AUTOS = YES_AGGRESSIVE;
				GCC_WARN_UNUSED_FUNCTION = YES;
				GCC_WARN_UNUSED_VARIABLE = YES;
				LOCALIZATION_PREFERS_STRING_CATALOGS = YES;
				MTL_ENABLE_DEBUG_INFO = INCLUDE_SOURCE;
				MTL_FAST_MATH = YES;
				ONLY_ACTIVE_ARCH = YES;
				SWIFT_ACTIVE_COMPILATION_CONDITIONS = "DEBUG $(inherited)";
				SWIFT_OPTIMIZATION_LEVEL = "-Onone";
			};
			name = Debug;
		};
		7EE2839A2A93E2EB003E7614 /* Release */ = {
			isa = XCBuildConfiguration;
			buildSettings = {
				ALWAYS_SEARCH_USER_PATHS = NO;
				ASSETCATALOG_COMPILER_GENERATE_SWIFT_ASSET_SYMBOL_EXTENSIONS = YES;
				CLANG_ANALYZER_NONNULL = YES;
				CLANG_ANALYZER_NUMBER_OBJECT_CONVERSION = YES_AGGRESSIVE;
				CLANG_CXX_LANGUAGE_STANDARD = "gnu++20";
				CLANG_ENABLE_MODULES = YES;
				CLANG_ENABLE_OBJC_ARC = YES;
				CLANG_ENABLE_OBJC_WEAK = YES;
				CLANG_WARN_BLOCK_CAPTURE_AUTORELEASING = YES;
				CLANG_WARN_BOOL_CONVERSION = YES;
				CLANG_WARN_COMMA = YES;
				CLANG_WARN_CONSTANT_CONVERSION = YES;
				CLANG_WARN_DEPRECATED_OBJC_IMPLEMENTATIONS = YES;
				CLANG_WARN_DIRECT_OBJC_ISA_USAGE = YES_ERROR;
				CLANG_WARN_DOCUMENTATION_COMMENTS = YES;
				CLANG_WARN_EMPTY_BODY = YES;
				CLANG_WARN_ENUM_CONVERSION = YES;
				CLANG_WARN_INFINITE_RECURSION = YES;
				CLANG_WARN_INT_CONVERSION = YES;
				CLANG_WARN_NON_LITERAL_NULL_CONVERSION = YES;
				CLANG_WARN_OBJC_IMPLICIT_RETAIN_SELF = YES;
				CLANG_WARN_OBJC_LITERAL_CONVERSION = YES;
				CLANG_WARN_OBJC_ROOT_CLASS = YES_ERROR;
				CLANG_WARN_QUOTED_INCLUDE_IN_FRAMEWORK_HEADER = YES;
				CLANG_WARN_RANGE_LOOP_ANALYSIS = YES;
				CLANG_WARN_STRICT_PROTOTYPES = YES;
				CLANG_WARN_SUSPICIOUS_MOVE = YES;
				CLANG_WARN_UNGUARDED_AVAILABILITY = YES_AGGRESSIVE;
				CLANG_WARN_UNREACHABLE_CODE = YES;
				CLANG_WARN__DUPLICATE_METHOD_MATCH = YES;
				COPY_PHASE_STRIP = NO;
				DEBUG_INFORMATION_FORMAT = "dwarf-with-dsym";
				ENABLE_NS_ASSERTIONS = NO;
				ENABLE_STRICT_OBJC_MSGSEND = YES;
				ENABLE_USER_SCRIPT_SANDBOXING = YES;
				GCC_C_LANGUAGE_STANDARD = gnu17;
				GCC_NO_COMMON_BLOCKS = YES;
				GCC_WARN_64_TO_32_BIT_CONVERSION = YES;
				GCC_WARN_ABOUT_RETURN_TYPE = YES_ERROR;
				GCC_WARN_UNDECLARED_SELECTOR = YES;
				GCC_WARN_UNINITIALIZED_AUTOS = YES_AGGRESSIVE;
				GCC_WARN_UNUSED_FUNCTION = YES;
				GCC_WARN_UNUSED_VARIABLE = YES;
				LOCALIZATION_PREFERS_STRING_CATALOGS = YES;
				MTL_ENABLE_DEBUG_INFO = NO;
				MTL_FAST_MATH = YES;
				SWIFT_COMPILATION_MODE = wholemodule;
			};
			name = Release;
		};
		7EE2839C2A93E2EB003E7614 /* Debug */ = {
			isa = XCBuildConfiguration;
			buildSettings = {
				ASSETCATALOG_COMPILER_APPICON_NAME = AppIcon;
				ASSETCATALOG_COMPILER_GLOBAL_ACCENT_COLOR_NAME = AccentColor;
				CODE_SIGN_ENTITLEMENTS = BurnsChecklist/BurnsChecklist.entitlements;
				CODE_SIGN_STYLE = Automatic;
				CURRENT_PROJECT_VERSION = 1;
				DEVELOPMENT_ASSET_PATHS = "\"BurnsChecklist/Preview Content\"";
				DEVELOPMENT_TEAM = RM2284LMLW;
				ENABLE_HARDENED_RUNTIME = YES;
				ENABLE_PREVIEWS = YES;
				GENERATE_INFOPLIST_FILE = YES;
				"INFOPLIST_KEY_UIApplicationSceneManifest_Generation[sdk=iphoneos*]" = YES;
				"INFOPLIST_KEY_UIApplicationSceneManifest_Generation[sdk=iphonesimulator*]" = YES;
				"INFOPLIST_KEY_UIApplicationSupportsIndirectInputEvents[sdk=iphoneos*]" = YES;
				"INFOPLIST_KEY_UIApplicationSupportsIndirectInputEvents[sdk=iphonesimulator*]" = YES;
				"INFOPLIST_KEY_UILaunchScreen_Generation[sdk=iphoneos*]" = YES;
				"INFOPLIST_KEY_UILaunchScreen_Generation[sdk=iphonesimulator*]" = YES;
				"INFOPLIST_KEY_UIStatusBarStyle[sdk=iphoneos*]" = UIStatusBarStyleDefault;
				"INFOPLIST_KEY_UIStatusBarStyle[sdk=iphonesimulator*]" = UIStatusBarStyleDefault;
				INFOPLIST_KEY_UISupportedInterfaceOrientations_iPad = "UIInterfaceOrientationPortrait UIInterfaceOrientationPortraitUpsideDown UIInterfaceOrientationLandscapeLeft UIInterfaceOrientationLandscapeRight";
				INFOPLIST_KEY_UISupportedInterfaceOrientations_iPhone = "UIInterfaceOrientationPortrait UIInterfaceOrientationLandscapeLeft UIInterfaceOrientationLandscapeRight";
				IPHONEOS_DEPLOYMENT_TARGET = 16.0;
				LD_RUNPATH_SEARCH_PATHS = "@executable_path/Frameworks";
				"LD_RUNPATH_SEARCH_PATHS[sdk=macosx*]" = "@executable_path/../Frameworks";
				MACOSX_DEPLOYMENT_TARGET = 14.0;
				MARKETING_VERSION = 1.0;
				PRODUCT_BUNDLE_IDENTIFIER = com.peacedudes.robert.BurnsChecklist;
				PRODUCT_NAME = "$(TARGET_NAME)";
				SDKROOT = auto;
				SUPPORTED_PLATFORMS = "iphoneos iphonesimulator macosx";
				SWIFT_EMIT_LOC_STRINGS = YES;
				SWIFT_VERSION = 5.0;
				TARGETED_DEVICE_FAMILY = "1,2";
			};
			name = Debug;
		};
		7EE2839D2A93E2EB003E7614 /* Release */ = {
			isa = XCBuildConfiguration;
			buildSettings = {
				ASSETCATALOG_COMPILER_APPICON_NAME = AppIcon;
				ASSETCATALOG_COMPILER_GLOBAL_ACCENT_COLOR_NAME = AccentColor;
				CODE_SIGN_ENTITLEMENTS = BurnsChecklist/BurnsChecklist.entitlements;
				CODE_SIGN_STYLE = Automatic;
				CURRENT_PROJECT_VERSION = 1;
				DEVELOPMENT_ASSET_PATHS = "\"BurnsChecklist/Preview Content\"";
				DEVELOPMENT_TEAM = RM2284LMLW;
				ENABLE_HARDENED_RUNTIME = YES;
				ENABLE_PREVIEWS = YES;
				GENERATE_INFOPLIST_FILE = YES;
				"INFOPLIST_KEY_UIApplicationSceneManifest_Generation[sdk=iphoneos*]" = YES;
				"INFOPLIST_KEY_UIApplicationSceneManifest_Generation[sdk=iphonesimulator*]" = YES;
				"INFOPLIST_KEY_UIApplicationSupportsIndirectInputEvents[sdk=iphoneos*]" = YES;
				"INFOPLIST_KEY_UIApplicationSupportsIndirectInputEvents[sdk=iphonesimulator*]" = YES;
				"INFOPLIST_KEY_UILaunchScreen_Generation[sdk=iphoneos*]" = YES;
				"INFOPLIST_KEY_UILaunchScreen_Generation[sdk=iphonesimulator*]" = YES;
				"INFOPLIST_KEY_UIStatusBarStyle[sdk=iphoneos*]" = UIStatusBarStyleDefault;
				"INFOPLIST_KEY_UIStatusBarStyle[sdk=iphonesimulator*]" = UIStatusBarStyleDefault;
				INFOPLIST_KEY_UISupportedInterfaceOrientations_iPad = "UIInterfaceOrientationPortrait UIInterfaceOrientationPortraitUpsideDown UIInterfaceOrientationLandscapeLeft UIInterfaceOrientationLandscapeRight";
				INFOPLIST_KEY_UISupportedInterfaceOrientations_iPhone = "UIInterfaceOrientationPortrait UIInterfaceOrientationLandscapeLeft UIInterfaceOrientationLandscapeRight";
				IPHONEOS_DEPLOYMENT_TARGET = 16.0;
				LD_RUNPATH_SEARCH_PATHS = "@executable_path/Frameworks";
				"LD_RUNPATH_SEARCH_PATHS[sdk=macosx*]" = "@executable_path/../Frameworks";
				MACOSX_DEPLOYMENT_TARGET = 14.0;
				MARKETING_VERSION = 1.0;
				PRODUCT_BUNDLE_IDENTIFIER = com.peacedudes.robert.BurnsChecklist;
				PRODUCT_NAME = "$(TARGET_NAME)";
				SDKROOT = auto;
				SUPPORTED_PLATFORMS = "iphoneos iphonesimulator macosx";
				SWIFT_EMIT_LOC_STRINGS = YES;
				SWIFT_VERSION = 5.0;
				TARGETED_DEVICE_FAMILY = "1,2";
			};
			name = Release;
		};
		7EE2839F2A93E2EB003E7614 /* Debug */ = {
			isa = XCBuildConfiguration;
			buildSettings = {
				ALWAYS_EMBED_SWIFT_STANDARD_LIBRARIES = YES;
				BUNDLE_LOADER = "$(TEST_HOST)";
				CODE_SIGN_STYLE = Automatic;
				CURRENT_PROJECT_VERSION = 1;
				DEVELOPMENT_TEAM = RM2284LMLW;
				GENERATE_INFOPLIST_FILE = YES;
				IPHONEOS_DEPLOYMENT_TARGET = 17.0;
				MACOSX_DEPLOYMENT_TARGET = 14.0;
				MARKETING_VERSION = 1.0;
				PRODUCT_BUNDLE_IDENTIFIER = com.peacedudes.robert.BurnsChecklistTests;
				PRODUCT_NAME = "$(TARGET_NAME)";
				SDKROOT = auto;
				SUPPORTED_PLATFORMS = "iphoneos iphonesimulator macosx";
				SWIFT_EMIT_LOC_STRINGS = NO;
				SWIFT_VERSION = 5.0;
				TARGETED_DEVICE_FAMILY = "1,2";
				TEST_HOST = "$(BUILT_PRODUCTS_DIR)/BurnsChecklist.app/$(BUNDLE_EXECUTABLE_FOLDER_PATH)/BurnsChecklist";
			};
			name = Debug;
		};
		7EE283A02A93E2EB003E7614 /* Release */ = {
			isa = XCBuildConfiguration;
			buildSettings = {
				ALWAYS_EMBED_SWIFT_STANDARD_LIBRARIES = YES;
				BUNDLE_LOADER = "$(TEST_HOST)";
				CODE_SIGN_STYLE = Automatic;
				CURRENT_PROJECT_VERSION = 1;
				DEVELOPMENT_TEAM = RM2284LMLW;
				GENERATE_INFOPLIST_FILE = YES;
				IPHONEOS_DEPLOYMENT_TARGET = 17.0;
				MACOSX_DEPLOYMENT_TARGET = 14.0;
				MARKETING_VERSION = 1.0;
				PRODUCT_BUNDLE_IDENTIFIER = com.peacedudes.robert.BurnsChecklistTests;
				PRODUCT_NAME = "$(TARGET_NAME)";
				SDKROOT = auto;
				SUPPORTED_PLATFORMS = "iphoneos iphonesimulator macosx";
				SWIFT_EMIT_LOC_STRINGS = NO;
				SWIFT_VERSION = 5.0;
				TARGETED_DEVICE_FAMILY = "1,2";
				TEST_HOST = "$(BUILT_PRODUCTS_DIR)/BurnsChecklist.app/$(BUNDLE_EXECUTABLE_FOLDER_PATH)/BurnsChecklist";
			};
			name = Release;
		};
		7EE283A22A93E2EB003E7614 /* Debug */ = {
			isa = XCBuildConfiguration;
			buildSettings = {
				ALWAYS_EMBED_SWIFT_STANDARD_LIBRARIES = YES;
				CODE_SIGN_STYLE = Automatic;
				CURRENT_PROJECT_VERSION = 1;
				DEVELOPMENT_TEAM = RM2284LMLW;
				GENERATE_INFOPLIST_FILE = YES;
				IPHONEOS_DEPLOYMENT_TARGET = 17.0;
				MACOSX_DEPLOYMENT_TARGET = 14.0;
				MARKETING_VERSION = 1.0;
				PRODUCT_BUNDLE_IDENTIFIER = com.peacedudes.robert.BurnsChecklistUITests;
				PRODUCT_NAME = "$(TARGET_NAME)";
				SDKROOT = auto;
				SUPPORTED_PLATFORMS = "iphoneos iphonesimulator macosx";
				SWIFT_EMIT_LOC_STRINGS = NO;
				SWIFT_VERSION = 5.0;
				TARGETED_DEVICE_FAMILY = "1,2";
				TEST_TARGET_NAME = BurnsChecklist;
			};
			name = Debug;
		};
		7EE283A32A93E2EB003E7614 /* Release */ = {
			isa = XCBuildConfiguration;
			buildSettings = {
				ALWAYS_EMBED_SWIFT_STANDARD_LIBRARIES = YES;
				CODE_SIGN_STYLE = Automatic;
				CURRENT_PROJECT_VERSION = 1;
				DEVELOPMENT_TEAM = RM2284LMLW;
				GENERATE_INFOPLIST_FILE = YES;
				IPHONEOS_DEPLOYMENT_TARGET = 17.0;
				MACOSX_DEPLOYMENT_TARGET = 14.0;
				MARKETING_VERSION = 1.0;
				PRODUCT_BUNDLE_IDENTIFIER = com.peacedudes.robert.BurnsChecklistUITests;
				PRODUCT_NAME = "$(TARGET_NAME)";
				SDKROOT = auto;
				SUPPORTED_PLATFORMS = "iphoneos iphonesimulator macosx";
				SWIFT_EMIT_LOC_STRINGS = NO;
				SWIFT_VERSION = 5.0;
				TARGETED_DEVICE_FAMILY = "1,2";
				TEST_TARGET_NAME = BurnsChecklist;
			};
			name = Release;
		};
/* End XCBuildConfiguration section */

/* Begin XCConfigurationList section */
		7EE283712A93E2E8003E7614 /* Build configuration list for PBXProject "BurnsChecklist" */ = {
			isa = XCConfigurationList;
			buildConfigurations = (
				7EE283992A93E2EB003E7614 /* Debug */,
				7EE2839A2A93E2EB003E7614 /* Release */,
			);
			defaultConfigurationIsVisible = 0;
			defaultConfigurationName = Release;
		};
		7EE2839B2A93E2EB003E7614 /* Build configuration list for PBXNativeTarget "BurnsChecklist" */ = {
			isa = XCConfigurationList;
			buildConfigurations = (
				7EE2839C2A93E2EB003E7614 /* Debug */,
				7EE2839D2A93E2EB003E7614 /* Release */,
			);
			defaultConfigurationIsVisible = 0;
			defaultConfigurationName = Release;
		};
		7EE2839E2A93E2EB003E7614 /* Build configuration list for PBXNativeTarget "BurnsChecklistTests" */ = {
			isa = XCConfigurationList;
			buildConfigurations = (
				7EE2839F2A93E2EB003E7614 /* Debug */,
				7EE283A02A93E2EB003E7614 /* Release */,
			);
			defaultConfigurationIsVisible = 0;
			defaultConfigurationName = Release;
		};
		7EE283A12A93E2EB003E7614 /* Build configuration list for PBXNativeTarget "BurnsChecklistUITests" */ = {
			isa = XCConfigurationList;
			buildConfigurations = (
				7EE283A22A93E2EB003E7614 /* Debug */,
				7EE283A32A93E2EB003E7614 /* Release */,
			);
			defaultConfigurationIsVisible = 0;
			defaultConfigurationName = Release;
		};
/* End XCConfigurationList section */
	};
	rootObject = 7EE2836E2A93E2E8003E7614 /* Project object */;
}
